<?xml version="1.0" encoding="utf-8"?>
<Project ToolsVersion="4.0" xmlns="http://schemas.microsoft.com/developer/msbuild/2003">
  <ItemGroup>
    <Filter Include="Source Files">
      <UniqueIdentifier>{4FC737F1-C7A5-4376-A066-2A32D752A2FF}</UniqueIdentifier>
      <Extensions>cpp;c;cc;cxx;c++;cppm;ixx;def;odl;idl;hpj;bat;asm;asmx</Extensions>
    </Filter>
    <Filter Include="Header Files">
      <UniqueIdentifier>{93995380-89BD-4b04-88EB-625FBE52EBFB}</UniqueIdentifier>
      <Extensions>h;hh;hpp;hxx;h++;hm;inl;inc;ipp;xsd</Extensions>
    </Filter>
    <Filter Include="Resource Files">
      <UniqueIdentifier>{67DA6AB6-F800-4c08-8B7A-83BB121AAD01}</UniqueIdentifier>
      <Extensions>rc;ico;cur;bmp;dlg;rc2;rct;bin;rgs;gif;jpg;jpeg;jpe;resx;tiff;tif;png;wav;mfcribbon-ms</Extensions>
    </Filter>
    <Filter Include="Source Files\api">
      <UniqueIdentifier>{43b11984-5d26-4bdd-b0df-bc90ddce8df3}</UniqueIdentifier>
    </Filter>
    <Filter Include="Header Files\api">
      <UniqueIdentifier>{91f0aa5a-5712-46cc-927d-b00bc801dd81}</UniqueIdentifier>
    </Filter>
    <Filter Include="Header Files\api\libs">
      <UniqueIdentifier>{322fa4d3-ef0b-4e28-a6c5-6c20b7c110a7}</UniqueIdentifier>
    </Filter>
    <Filter Include="Source Files\api\libs">
      <UniqueIdentifier>{1d5f324f-aa99-42c2-b4dc-fe29db778de2}</UniqueIdentifier>
    </Filter>
    <Filter Include="Header Files\api\structs">
      <UniqueIdentifier>{0f876ca8-aa9c-49e7-8d9b-5dda3fec6e43}</UniqueIdentifier>
    </Filter>
  </ItemGroup>
  <ItemGroup>
    <ClCompile Include="Procker.cpp">
      <Filter>Source Files</Filter>
    </ClCompile>
    <ClCompile Include="api\libs\ProcMem.cpp">
      <Filter>Source Files\api\libs</Filter>
    </ClCompile>
    <ClCompile Include="api\Engine.cpp">
      <Filter>Source Files\api</Filter>
    </ClCompile>
    <ClCompile Include="api\Offsets.cpp">
      <Filter>Source Files\api</Filter>
    </ClCompile>
    <ClCompile Include="api\Config.cpp">
      <Filter>Source Files\api</Filter>
    </ClCompile>
    <ClCompile Include="api\Entity.cpp">
      <Filter>Source Files\api</Filter>
    </ClCompile>
    <ClCompile Include="api\LocalPlayer.cpp">
      <Filter>Source Files\api</Filter>
    </ClCompile>
  </ItemGroup>
  <ItemGroup>
    <ClInclude Include="api\libs\ProcMem.h">
      <Filter>Header Files\api\libs</Filter>
    </ClInclude>
    <ClInclude Include="api\Engine.h">
      <Filter>Header Files\api</Filter>
    </ClInclude>
    <ClInclude Include="api\Offsets.h">
      <Filter>Header Files\api</Filter>
    </ClInclude>
    <ClInclude Include="api\Config.h">
      <Filter>Header Files\api</Filter>
    </ClInclude>
    <ClInclude Include="api\Entity.h">
      <Filter>Header Files\api</Filter>
    </ClInclude>
    <ClInclude Include="api\LocalPlayer.h">
      <Filter>Header Files\api</Filter>
    </ClInclude>
    <ClInclude Include="api\structs\glow_t.h">
      <Filter>Header Files\api\structs</Filter>
    </ClInclude>
  </ItemGroup>
</Project>